
Microsoft Visual Studio Solution File, Format Version 12.00
# Visual Studio Version 16
VisualStudioVersion = 16.0.31019.35
MinimumVisualStudioVersion = 10.0.40219.1
Project("{9A19103F-16F7-4668-BE54-9A1E7A4F7556}") = "UdemyCompleteCsharp4", "UdemyCompleteCsharp4\UdemyCompleteCsharp4.csproj", "{47DCC91B-AEC3-4FB8-808C-C82DB2D1B113}"
EndProject
Project("{9A19103F-16F7-4668-BE54-9A1E7A4F7556}") = "UdemyCompleteCsharp5", "UdemyCompleteCsharp5\UdemyCompleteCsharp5.csproj", "{85C2FDBE-3EB5-4752-A215-82A5235E4811}"
EndProject
Project("{9A19103F-16F7-4668-BE54-9A1E7A4F7556}") = "UdemyCompleteCsharp6", "UdemyCompleteCsharp6\UdemyCompleteCsharp6.csproj", "{6D2BEAC5-62E7-4674-80CC-D750AA92D70C}"
EndProject
Project("{9A19103F-16F7-4668-BE54-9A1E7A4F7556}") = "UdemyCompleteCsharp7", "UdemyCompleteCsharp7\UdemyCompleteCsharp7.csproj", "{3E1D61E0-7FDD-4643-A5FC-39211D217A90}"
EndProject
Project("{9A19103F-16F7-4668-BE54-9A1E7A4F7556}") = "UdemyCompleteCsharp8", "UdemyCompleteCsharp8\UdemyCompleteCsharp8.csproj", "{2782DE5E-B558-42D8-9749-B545066B97F7}"
EndProject
Project("{9A19103F-16F7-4668-BE54-9A1E7A4F7556}") = "TicTacToe", "TicTacToe\TicTacToe.csproj", "{F7253AAF-8490-4171-B110-CE9D86C5D703}"
EndProject
Project("{9A19103F-16F7-4668-BE54-9A1E7A4F7556}") = "UdemyCompleteCsharp9", "UdemyCompleteCsharp9\UdemyCompleteCsharp9.csproj", "{268301C0-A5C9-4DE1-95D9-0F69A05F872B}"
EndProject
Project("{9A19103F-16F7-4668-BE54-9A1E7A4F7556}") = "UdemyCompleteCsharp10", "UdemyCompleteCsharp10\UdemyCompleteCsharp10.csproj", "{954AEFE0-48B9-4DA4-9AD9-48EF7D9F6B38}"
EndProject
Project("{9A19103F-16F7-4668-BE54-9A1E7A4F7556}") = "UdemyCompleteCsharp10pt2", "UdemyCompleteCsharp10pt2\UdemyCompleteCsharp10pt2.csproj", "{AE969719-4EB5-4DA0-BDD1-91FF5F443DDB}"
EndProject
Project("{9A19103F-16F7-4668-BE54-9A1E7A4F7556}") = "UdemyCompleteCsharp11", "UdemyCompleteCsharp11\UdemyCompleteCsharp11.csproj", "{9DB49A22-D44A-43BA-BDE7-BAF0626383C8}"
EndProject
Project("{9A19103F-16F7-4668-BE54-9A1E7A4F7556}") = "UdemyCompleteCsharp12", "UdemyCompleteCsharp12\UdemyCompleteCsharp12.csproj", "{49B4424A-DC79-4FB0-B988-1A3BE8B7993D}"
EndProject
Project("{9A19103F-16F7-4668-BE54-9A1E7A4F7556}") = "Fibonacci", "Fibonacci\Fibonacci.csproj", "{4701985B-AB0D-4C81-8A8B-2A681DA792A9}"
EndProject
Project("{9A19103F-16F7-4668-BE54-9A1E7A4F7556}") = "Towers_Hanoi", "Towers_Hanoi\Towers_Hanoi.csproj", "{91F00F8E-F364-4154-8E4D-275E6642B480}"
EndProject
Project("{9A19103F-16F7-4668-BE54-9A1E7A4F7556}") = "UdemyCompleteCsharp13", "UdemyCompleteCsharp13\UdemyCompleteCsharp13.csproj", "{238E4C58-FC43-451E-AFFE-C68A353BB3FA}"
EndProject
Project("{FAE04EC0-301F-11D3-BF4B-00C04F79EFBC}") = "UdemyCompleteCsharp14", "UdemyCompleteCsharp14\UdemyCompleteCsharp14.csproj", "{79BDBC9D-A461-4A6A-BA20-E6616484A98B}"
EndProject
Project("{FAE04EC0-301F-11D3-BF4B-00C04F79EFBC}") = "UdemyCompleteCsharp15", "UdemyCompleteCsharp15\UdemyCompleteCsharp15.csproj", "{3D9D5FCB-E270-48C2-BAA6-35EF9FFA2F38}"
EndProject
Global
	GlobalSection(SolutionConfigurationPlatforms) = preSolution
		Debug|Any CPU = Debug|Any CPU
		Release|Any CPU = Release|Any CPU
	EndGlobalSection
	GlobalSection(ProjectConfigurationPlatforms) = postSolution
		{47DCC91B-AEC3-4FB8-808C-C82DB2D1B113}.Debug|Any CPU.ActiveCfg = Debug|Any CPU
		{47DCC91B-AEC3-4FB8-808C-C82DB2D1B113}.Debug|Any CPU.Build.0 = Debug|Any CPU
		{47DCC91B-AEC3-4FB8-808C-C82DB2D1B113}.Release|Any CPU.ActiveCfg = Release|Any CPU
		{47DCC91B-AEC3-4FB8-808C-C82DB2D1B113}.Release|Any CPU.Build.0 = Release|Any CPU
		{85C2FDBE-3EB5-4752-A215-82A5235E4811}.Debug|Any CPU.ActiveCfg = Debug|Any CPU
		{85C2FDBE-3EB5-4752-A215-82A5235E4811}.Debug|Any CPU.Build.0 = Debug|Any CPU
		{85C2FDBE-3EB5-4752-A215-82A5235E4811}.Release|Any CPU.ActiveCfg = Release|Any CPU
		{85C2FDBE-3EB5-4752-A215-82A5235E4811}.Release|Any CPU.Build.0 = Release|Any CPU
		{6D2BEAC5-62E7-4674-80CC-D750AA92D70C}.Debug|Any CPU.ActiveCfg = Debug|Any CPU
		{6D2BEAC5-62E7-4674-80CC-D750AA92D70C}.Debug|Any CPU.Build.0 = Debug|Any CPU
		{6D2BEAC5-62E7-4674-80CC-D750AA92D70C}.Release|Any CPU.ActiveCfg = Release|Any CPU
		{6D2BEAC5-62E7-4674-80CC-D750AA92D70C}.Release|Any CPU.Build.0 = Release|Any CPU
		{3E1D61E0-7FDD-4643-A5FC-39211D217A90}.Debug|Any CPU.ActiveCfg = Debug|Any CPU
		{3E1D61E0-7FDD-4643-A5FC-39211D217A90}.Debug|Any CPU.Build.0 = Debug|Any CPU
		{3E1D61E0-7FDD-4643-A5FC-39211D217A90}.Release|Any CPU.ActiveCfg = Release|Any CPU
		{3E1D61E0-7FDD-4643-A5FC-39211D217A90}.Release|Any CPU.Build.0 = Release|Any CPU
		{2782DE5E-B558-42D8-9749-B545066B97F7}.Debug|Any CPU.ActiveCfg = Debug|Any CPU
		{2782DE5E-B558-42D8-9749-B545066B97F7}.Debug|Any CPU.Build.0 = Debug|Any CPU
		{2782DE5E-B558-42D8-9749-B545066B97F7}.Release|Any CPU.ActiveCfg = Release|Any CPU
		{2782DE5E-B558-42D8-9749-B545066B97F7}.Release|Any CPU.Build.0 = Release|Any CPU
		{F7253AAF-8490-4171-B110-CE9D86C5D703}.Debug|Any CPU.ActiveCfg = Debug|Any CPU
		{F7253AAF-8490-4171-B110-CE9D86C5D703}.Debug|Any CPU.Build.0 = Debug|Any CPU
		{F7253AAF-8490-4171-B110-CE9D86C5D703}.Release|Any CPU.ActiveCfg = Release|Any CPU
		{F7253AAF-8490-4171-B110-CE9D86C5D703}.Release|Any CPU.Build.0 = Release|Any CPU
		{268301C0-A5C9-4DE1-95D9-0F69A05F872B}.Debug|Any CPU.ActiveCfg = Debug|Any CPU
		{268301C0-A5C9-4DE1-95D9-0F69A05F872B}.Debug|Any CPU.Build.0 = Debug|Any CPU
		{268301C0-A5C9-4DE1-95D9-0F69A05F872B}.Release|Any CPU.ActiveCfg = Release|Any CPU
		{268301C0-A5C9-4DE1-95D9-0F69A05F872B}.Release|Any CPU.Build.0 = Release|Any CPU
		{954AEFE0-48B9-4DA4-9AD9-48EF7D9F6B38}.Debug|Any CPU.ActiveCfg = Debug|Any CPU
		{954AEFE0-48B9-4DA4-9AD9-48EF7D9F6B38}.Debug|Any CPU.Build.0 = Debug|Any CPU
		{954AEFE0-48B9-4DA4-9AD9-48EF7D9F6B38}.Release|Any CPU.ActiveCfg = Release|Any CPU
		{954AEFE0-48B9-4DA4-9AD9-48EF7D9F6B38}.Release|Any CPU.Build.0 = Release|Any CPU
		{AE969719-4EB5-4DA0-BDD1-91FF5F443DDB}.Debug|Any CPU.ActiveCfg = Debug|Any CPU
		{AE969719-4EB5-4DA0-BDD1-91FF5F443DDB}.Debug|Any CPU.Build.0 = Debug|Any CPU
		{AE969719-4EB5-4DA0-BDD1-91FF5F443DDB}.Release|Any CPU.ActiveCfg = Release|Any CPU
		{AE969719-4EB5-4DA0-BDD1-91FF5F443DDB}.Release|Any CPU.Build.0 = Release|Any CPU
		{9DB49A22-D44A-43BA-BDE7-BAF0626383C8}.Debug|Any CPU.ActiveCfg = Debug|Any CPU
		{9DB49A22-D44A-43BA-BDE7-BAF0626383C8}.Debug|Any CPU.Build.0 = Debug|Any CPU
		{9DB49A22-D44A-43BA-BDE7-BAF0626383C8}.Release|Any CPU.ActiveCfg = Release|Any CPU
		{9DB49A22-D44A-43BA-BDE7-BAF0626383C8}.Release|Any CPU.Build.0 = Release|Any CPU
		{49B4424A-DC79-4FB0-B988-1A3BE8B7993D}.Debug|Any CPU.ActiveCfg = Debug|Any CPU
		{49B4424A-DC79-4FB0-B988-1A3BE8B7993D}.Debug|Any CPU.Build.0 = Debug|Any CPU
		{49B4424A-DC79-4FB0-B988-1A3BE8B7993D}.Release|Any CPU.ActiveCfg = Release|Any CPU
		{49B4424A-DC79-4FB0-B988-1A3BE8B7993D}.Release|Any CPU.Build.0 = Release|Any CPU
		{4701985B-AB0D-4C81-8A8B-2A681DA792A9}.Debug|Any CPU.ActiveCfg = Debug|Any CPU
		{4701985B-AB0D-4C81-8A8B-2A681DA792A9}.Debug|Any CPU.Build.0 = Debug|Any CPU
		{4701985B-AB0D-4C81-8A8B-2A681DA792A9}.Release|Any CPU.ActiveCfg = Release|Any CPU
		{4701985B-AB0D-4C81-8A8B-2A681DA792A9}.Release|Any CPU.Build.0 = Release|Any CPU
		{91F00F8E-F364-4154-8E4D-275E6642B480}.Debug|Any CPU.ActiveCfg = Debug|Any CPU
		{91F00F8E-F364-4154-8E4D-275E6642B480}.Debug|Any CPU.Build.0 = Debug|Any CPU
		{91F00F8E-F364-4154-8E4D-275E6642B480}.Release|Any CPU.ActiveCfg = Release|Any CPU
		{91F00F8E-F364-4154-8E4D-275E6642B480}.Release|Any CPU.Build.0 = Release|Any CPU
		{238E4C58-FC43-451E-AFFE-C68A353BB3FA}.Debug|Any CPU.ActiveCfg = Debug|Any CPU
		{238E4C58-FC43-451E-AFFE-C68A353BB3FA}.Debug|Any CPU.Build.0 = Debug|Any CPU
		{238E4C58-FC43-451E-AFFE-C68A353BB3FA}.Release|Any CPU.ActiveCfg = Release|Any CPU
		{238E4C58-FC43-451E-AFFE-C68A353BB3FA}.Release|Any CPU.Build.0 = Release|Any CPU
		{79BDBC9D-A461-4A6A-BA20-E6616484A98B}.Debug|Any CPU.ActiveCfg = Debug|Any CPU
		{79BDBC9D-A461-4A6A-BA20-E6616484A98B}.Debug|Any CPU.Build.0 = Debug|Any CPU
		{79BDBC9D-A461-4A6A-BA20-E6616484A98B}.Release|Any CPU.ActiveCfg = Release|Any CPU
		{79BDBC9D-A461-4A6A-BA20-E6616484A98B}.Release|Any CPU.Build.0 = Release|Any CPU
		{3D9D5FCB-E270-48C2-BAA6-35EF9FFA2F38}.Debug|Any CPU.ActiveCfg = Debug|Any CPU
		{3D9D5FCB-E270-48C2-BAA6-35EF9FFA2F38}.Debug|Any CPU.Build.0 = Debug|Any CPU
		{3D9D5FCB-E270-48C2-BAA6-35EF9FFA2F38}.Release|Any CPU.ActiveCfg = Release|Any CPU
		{3D9D5FCB-E270-48C2-BAA6-35EF9FFA2F38}.Release|Any CPU.Build.0 = Release|Any CPU
	EndGlobalSection
	GlobalSection(SolutionProperties) = preSolution
		HideSolutionNode = FALSE
	EndGlobalSection
	GlobalSection(ExtensibilityGlobals) = postSolution
		SolutionGuid = {895AFCF2-95EF-4E80-A809-1AD437D81600}
	EndGlobalSection
EndGlobal
